// !$*UTF8*$!
{
	archiveVersion = 1;
	classes = {
	};
	objectVersion = 46;
	objects = {

/* Begin PBXBuildFile section */
		C9C206171E5425E700E21707 /* main.m in Sources */ = {isa = PBXBuildFile; fileRef = C9C206161E5425E700E21707 /* main.m */; };
		C9C2061A1E5425E700E21707 /* AppDelegate.m in Sources */ = {isa = PBXBuildFile; fileRef = C9C206191E5425E700E21707 /* AppDelegate.m */; };
		C9C2061D1E5425E700E21707 /* ViewController.m in Sources */ = {isa = PBXBuildFile; fileRef = C9C2061C1E5425E700E21707 /* ViewController.m */; };
		C9C206201E5425E700E21707 /* Main.storyboard in Resources */ = {isa = PBXBuildFile; fileRef = C9C2061E1E5425E700E21707 /* Main.storyboard */; };
		C9C206221E5425E700E21707 /* Assets.xcassets in Resources */ = {isa = PBXBuildFile; fileRef = C9C206211E5425E700E21707 /* Assets.xcassets */; };
		C9C206251E5425E700E21707 /* LaunchScreen.storyboard in Resources */ = {isa = PBXBuildFile; fileRef = C9C206231E5425E700E21707 /* LaunchScreen.storyboard */; };
		C9C2064B1E54286300E21707 /* ZYTimer.m in Sources */ = {isa = PBXBuildFile; fileRef = C9C2064A1E54286300E21707 /* ZYTimer.m */; };
		C9C206511E543A2500E21707 /* ZYTest.m in Sources */ = {isa = PBXBuildFile; fileRef = C9C206501E543A2500E21707 /* ZYTest.m */; };
		C9C206541E544C6000E21707 /* ViewController2.m in Sources */ = {isa = PBXBuildFile; fileRef = C9C206531E544C6000E21707 /* ViewController2.m */; };
/* End PBXBuildFile section */

/* Begin PBXContainerItemProxy section */
		C9C2062C1E5425E700E21707 /* PBXContainerItemProxy */ = {
			isa = PBXContainerItemProxy;
			containerPortal = C9C2060A1E5425E700E21707 /* Project object */;
			proxyType = 1;
			remoteGlobalIDString = C9C206111E5425E700E21707;
			remoteInfo = ZYTimerDemo;
		};
		C9C206371E5425E700E21707 /* PBXContainerItemProxy */ = {
			isa = PBXContainerItemProxy;
			containerPortal = C9C2060A1E5425E700E21707 /* Project object */;
			proxyType = 1;
			remoteGlobalIDString = C9C206111E5425E700E21707;
			remoteInfo = ZYTimerDemo;
		};
/* End PBXContainerItemProxy section */

/* Begin PBXFileReference section */
		C9C206121E5425E700E21707 /* ZYTimerDemo.app */ = {isa = PBXFileReference; explicitFileType = wrapper.application; includeInIndex = 0; path = ZYTimerDemo.app; sourceTree = BUILT_PRODUCTS_DIR; };
		C9C206161E5425E700E21707 /* main.m */ = {isa = PBXFileReference; lastKnownFileType = sourcecode.c.objc; path = main.m; sourceTree = "<group>"; };
		C9C206181E5425E700E21707 /* AppDelegate.h */ = {isa = PBXFileReference; lastKnownFileType = sourcecode.c.h; path = AppDelegate.h; sourceTree = "<group>"; };
		C9C206191E5425E700E21707 /* AppDelegate.m */ = {isa = PBXFileReference; lastKnownFileType = sourcecode.c.objc; path = AppDelegate.m; sourceTree = "<group>"; };
		C9C2061B1E5425E700E21707 /* ViewController.h */ = {isa = PBXFileReference; lastKnownFileType = sourcecode.c.h; path = ViewController.h; sourceTree = "<group>"; };
		C9C2061C1E5425E700E21707 /* ViewController.m */ = {isa = PBXFileReference; lastKnownFileType = sourcecode.c.objc; path = ViewController.m; sourceTree = "<group>"; };
		C9C2061F1E5425E700E21707 /* Base */ = {isa = PBXFileReference; lastKnownFileType = file.storyboard; name = Base; path = Base.lproj/Main.storyboard; sourceTree = "<group>"; };
		C9C206211E5425E700E21707 /* Assets.xcassets */ = {isa = PBXFileReference; lastKnownFileType = folder.assetcatalog; path = Assets.xcassets; sourceTree = "<group>"; };
		C9C206241E5425E700E21707 /* Base */ = {isa = PBXFileReference; lastKnownFileType = file.storyboard; name = Base; path = Base.lproj/LaunchScreen.storyboard; sourceTree = "<group>"; };
		C9C206261E5425E700E21707 /* Info.plist */ = {isa = PBXFileReference; lastKnownFileType = text.plist.xml; path = Info.plist; sourceTree = "<group>"; };
		C9C2062B1E5425E700E21707 /* ZYTimerDemoTests.xctest */ = {isa = PBXFileReference; explicitFileType = wrapper.cfbundle; includeInIndex = 0; path = ZYTimerDemoTests.xctest; sourceTree = BUILT_PRODUCTS_DIR; };
		C9C206361E5425E700E21707 /* ZYTimerDemoUITests.xctest */ = {isa = PBXFileReference; explicitFileType = wrapper.cfbundle; includeInIndex = 0; path = ZYTimerDemoUITests.xctest; sourceTree = BUILT_PRODUCTS_DIR; };
		C9C206491E54286300E21707 /* ZYTimer.h */ = {isa = PBXFileReference; fileEncoding = 4; lastKnownFileType = sourcecode.c.h; path = ZYTimer.h; sourceTree = "<group>"; };
		C9C2064A1E54286300E21707 /* ZYTimer.m */ = {isa = PBXFileReference; fileEncoding = 4; lastKnownFileType = sourcecode.c.objc; path = ZYTimer.m; sourceTree = "<group>"; };
		C9C2064F1E543A2500E21707 /* ZYTest.h */ = {isa = PBXFileReference; fileEncoding = 4; lastKnownFileType = sourcecode.c.h; path = ZYTest.h; sourceTree = "<group>"; };
		C9C206501E543A2500E21707 /* ZYTest.m */ = {isa = PBXFileReference; fileEncoding = 4; lastKnownFileType = sourcecode.c.objc; path = ZYTest.m; sourceTree = "<group>"; };
		C9C206521E544C6000E21707 /* ViewController2.h */ = {isa = PBXFileReference; fileEncoding = 4; lastKnownFileType = sourcecode.c.h; path = ViewController2.h; sourceTree = "<group>"; };
		C9C206531E544C6000E21707 /* ViewController2.m */ = {isa = PBXFileReference; fileEncoding = 4; lastKnownFileType = sourcecode.c.objc; path = ViewController2.m; sourceTree = "<group>"; };
/* End PBXFileReference section */

/* Begin PBXFrameworksBuildPhase section */
		C9C2060F1E5425E700E21707 /* Frameworks */ = {
			isa = PBXFrameworksBuildPhase;
			buildActionMask = 2147483647;
			files = (
			);
			runOnlyForDeploymentPostprocessing = 0;
		};
		C9C206281E5425E700E21707 /* Frameworks */ = {
			isa = PBXFrameworksBuildPhase;
			buildActionMask = 2147483647;
			files = (
			);
			runOnlyForDeploymentPostprocessing = 0;
		};
		C9C206331E5425E700E21707 /* Frameworks */ = {
			isa = PBXFrameworksBuildPhase;
			buildActionMask = 2147483647;
			files = (
			);
			runOnlyForDeploymentPostprocessing = 0;
		};
/* End PBXFrameworksBuildPhase section */

/* Begin PBXGroup section */
		C9C206091E5425E700E21707 = {
			isa = PBXGroup;
			children = (
				C9C206481E54260500E21707 /* ZYTimer */,
				C9C206141E5425E700E21707 /* ZYTimerDemo */,
				C9C206131E5425E700E21707 /* Products */,
			);
			sourceTree = "<group>";
		};
		C9C206131E5425E700E21707 /* Products */ = {
			isa = PBXGroup;
			children = (
				C9C206121E5425E700E21707 /* ZYTimerDemo.app */,
				C9C2062B1E5425E700E21707 /* ZYTimerDemoTests.xctest */,
				C9C206361E5425E700E21707 /* ZYTimerDemoUITests.xctest */,
			);
			name = Products;
			sourceTree = "<group>";
		};
		C9C206141E5425E700E21707 /* ZYTimerDemo */ = {
			isa = PBXGroup;
			children = (
				C9C206181E5425E700E21707 /* AppDelegate.h */,
				C9C206191E5425E700E21707 /* AppDelegate.m */,
				C9C2061B1E5425E700E21707 /* ViewController.h */,
				C9C2061C1E5425E700E21707 /* ViewController.m */,
				C9C206521E544C6000E21707 /* ViewController2.h */,
				C9C206531E544C6000E21707 /* ViewController2.m */,
				C9C2064F1E543A2500E21707 /* ZYTest.h */,
				C9C206501E543A2500E21707 /* ZYTest.m */,
				C9C2061E1E5425E700E21707 /* Main.storyboard */,
				C9C206211E5425E700E21707 /* Assets.xcassets */,
				C9C206231E5425E700E21707 /* LaunchScreen.storyboard */,
				C9C206261E5425E700E21707 /* Info.plist */,
				C9C206151E5425E700E21707 /* Supporting Files */,
			);
			path = ZYTimerDemo;
			sourceTree = "<group>";
		};
		C9C206151E5425E700E21707 /* Supporting Files */ = {
			isa = PBXGroup;
			children = (
				C9C206161E5425E700E21707 /* main.m */,
			);
			name = "Supporting Files";
			sourceTree = "<group>";
		};
		C9C206481E54260500E21707 /* ZYTimer */ = {
			isa = PBXGroup;
			children = (
				C9C206491E54286300E21707 /* ZYTimer.h */,
				C9C2064A1E54286300E21707 /* ZYTimer.m */,
			);
			path = ZYTimer;
			sourceTree = "<group>";
		};
/* End PBXGroup section */

/* Begin PBXNativeTarget section */
		C9C206111E5425E700E21707 /* ZYTimerDemo */ = {
			isa = PBXNativeTarget;
			buildConfigurationList = C9C2063F1E5425E700E21707 /* Build configuration list for PBXNativeTarget "ZYTimerDemo" */;
			buildPhases = (
				C9C2060E1E5425E700E21707 /* Sources */,
				C9C2060F1E5425E700E21707 /* Frameworks */,
				C9C206101E5425E700E21707 /* Resources */,
			);
			buildRules = (
			);
			dependencies = (
			);
			name = ZYTimerDemo;
			productName = ZYTimerDemo;
			productReference = C9C206121E5425E700E21707 /* ZYTimerDemo.app */;
			productType = "com.apple.product-type.application";
		};
		C9C2062A1E5425E700E21707 /* ZYTimerDemoTests */ = {
			isa = PBXNativeTarget;
			buildConfigurationList = C9C206421E5425E700E21707 /* Build configuration list for PBXNativeTarget "ZYTimerDemoTests" */;
			buildPhases = (
				C9C206271E5425E700E21707 /* Sources */,
				C9C206281E5425E700E21707 /* Frameworks */,
				C9C206291E5425E700E21707 /* Resources */,
			);
			buildRules = (
			);
			dependencies = (
				C9C2062D1E5425E700E21707 /* PBXTargetDependency */,
			);
			name = ZYTimerDemoTests;
			productName = ZYTimerDemoTests;
			productReference = C9C2062B1E5425E700E21707 /* ZYTimerDemoTests.xctest */;
			productType = "com.apple.product-type.bundle.unit-test";
		};
		C9C206351E5425E700E21707 /* ZYTimerDemoUITests */ = {
			isa = PBXNativeTarget;
			buildConfigurationList = C9C206451E5425E700E21707 /* Build configuration list for PBXNativeTarget "ZYTimerDemoUITests" */;
			buildPhases = (
				C9C206321E5425E700E21707 /* Sources */,
				C9C206331E5425E700E21707 /* Frameworks */,
				C9C206341E5425E700E21707 /* Resources */,
			);
			buildRules = (
			);
			dependencies = (
				C9C206381E5425E700E21707 /* PBXTargetDependency */,
			);
			name = ZYTimerDemoUITests;
			productName = ZYTimerDemoUITests;
			productReference = C9C206361E5425E700E21707 /* ZYTimerDemoUITests.xctest */;
			productType = "com.apple.product-type.bundle.ui-testing";
		};
/* End PBXNativeTarget section */

/* Begin PBXProject section */
		C9C2060A1E5425E700E21707 /* Project object */ = {
			isa = PBXProject;
			attributes = {
				LastUpgradeCheck = 0820;
				ORGANIZATIONNAME = ripper;
				TargetAttributes = {
					C9C206111E5425E700E21707 = {
						CreatedOnToolsVersion = 8.2.1;
						ProvisioningStyle = Automatic;
					};
					C9C2062A1E5425E700E21707 = {
						CreatedOnToolsVersion = 8.2.1;
						ProvisioningStyle = Automatic;
						TestTargetID = C9C206111E5425E700E21707;
					};
					C9C206351E5425E700E21707 = {
						CreatedOnToolsVersion = 8.2.1;
						ProvisioningStyle = Automatic;
						TestTargetID = C9C206111E5425E700E21707;
					};
				};
			};
			buildConfigurationList = C9C2060D1E5425E700E21707 /* Build configuration list for PBXProject "ZYTimerDemo" */;
			compatibilityVersion = "Xcode 3.2";
			developmentRegion = English;
			hasScannedForEncodings = 0;
			knownRegions = (
				en,
				Base,
			);
			mainGroup = C9C206091E5425E700E21707;
			productRefGroup = C9C206131E5425E700E21707 /* Products */;
			projectDirPath = "";
			projectRoot = "";
			targets = (
				C9C206111E5425E700E21707 /* ZYTimerDemo */,
				C9C2062A1E5425E700E21707 /* ZYTimerDemoTests */,
				C9C206351E5425E700E21707 /* ZYTimerDemoUITests */,
			);
		};
/* End PBXProject section */

/* Begin PBXResourcesBuildPhase section */
		C9C206101E5425E700E21707 /* Resources */ = {
			isa = PBXResourcesBuildPhase;
			buildActionMask = 2147483647;
			files = (
				C9C206251E5425E700E21707 /* LaunchScreen.storyboard in Resources */,
				C9C206221E5425E700E21707 /* Assets.xcassets in Resources */,
				C9C206201E5425E700E21707 /* Main.storyboard in Resources */,
			);
			runOnlyForDeploymentPostprocessing = 0;
		};
		C9C206291E5425E700E21707 /* Resources */ = {
			isa = PBXResourcesBuildPhase;
			buildActionMask = 2147483647;
			files = (
			);
			runOnlyForDeploymentPostprocessing = 0;
		};
		C9C206341E5425E700E21707 /* Resources */ = {
			isa = PBXResourcesBuildPhase;
			buildActionMask = 2147483647;
			files = (
			);
			runOnlyForDeploymentPostprocessing = 0;
		};
/* End PBXResourcesBuildPhase section */

/* Begin PBXSourcesBuildPhase section */
		C9C2060E1E5425E700E21707 /* Sources */ = {
			isa = PBXSourcesBuildPhase;
			buildActionMask = 2147483647;
			files = (
				C9C2064B1E54286300E21707 /* ZYTimer.m in Sources */,
				C9C2061D1E5425E700E21707 /* ViewController.m in Sources */,
				C9C2061A1E5425E700E21707 /* AppDelegate.m in Sources */,
				C9C206511E543A2500E21707 /* ZYTest.m in Sources */,
				C9C206171E5425E700E21707 /* main.m in Sources */,
				C9C206541E544C6000E21707 /* ViewController2.m in Sources */,
			);
			runOnlyForDeploymentPostprocessing = 0;
		};
		C9C206271E5425E700E21707 /* Sources */ = {
			isa = PBXSourcesBuildPhase;
			buildActionMask = 2147483647;
			files = (
			);
			runOnlyForDeploymentPostprocessing = 0;
		};
		C9C206321E5425E700E21707 /* Sources */ = {
			isa = PBXSourcesBuildPhase;
			buildActionMask = 2147483647;
			files = (
			);
			runOnlyForDeploymentPostprocessing = 0;
		};
/* End PBXSourcesBuildPhase section */

/* Begin PBXTargetDependency section */
		C9C2062D1E5425E700E21707 /* PBXTargetDependency */ = {
			isa = PBXTargetDependency;
			target = C9C206111E5425E700E21707 /* ZYTimerDemo */;
			targetProxy = C9C2062C1E5425E700E21707 /* PBXContainerItemProxy */;
		};
		C9C206381E5425E700E21707 /* PBXTargetDependency */ = {
			isa = PBXTargetDependency;
			target = C9C206111E5425E700E21707 /* ZYTimerDemo */;
			targetProxy = C9C206371E5425E700E21707 /* PBXContainerItemProxy */;
		};
/* End PBXTargetDependency section */

/* Begin PBXVariantGroup section */
		C9C2061E1E5425E700E21707 /* Main.storyboard */ = {
			isa = PBXVariantGroup;
			children = (
				C9C2061F1E5425E700E21707 /* Base */,
			);
			name = Main.storyboard;
			sourceTree = "<group>";
		};
		C9C206231E5425E700E21707 /* LaunchScreen.storyboard */ = {
			isa = PBXVariantGroup;
			children = (
				C9C206241E5425E700E21707 /* Base */,
			);
			name = LaunchScreen.storyboard;
			sourceTree = "<group>";
		};
/* End PBXVariantGroup section */

/* Begin XCBuildConfiguration section */
		C9C2063D1E5425E700E21707 /* Debug */ = {
			isa = XCBuildConfiguration;
			buildSettings = {
				ALWAYS_SEARCH_USER_PATHS = NO;
				CLANG_ANALYZER_NONNULL = YES;
				CLANG_CXX_LANGUAGE_STANDARD = "gnu++0x";
				CLANG_CXX_LIBRARY = "libc++";
				CLANG_ENABLE_MODULES = YES;
				CLANG_ENABLE_OBJC_ARC = YES;
				CLANG_WARN_BOOL_CONVERSION = YES;
				CLANG_WARN_CONSTANT_CONVERSION = YES;
				CLANG_WARN_DIRECT_OBJC_ISA_USAGE = YES_ERROR;
				CLANG_WARN_DOCUMENTATION_COMMENTS = YES;
				CLANG_WARN_EMPTY_BODY = YES;
				CLANG_WARN_ENUM_CONVERSION = YES;
				CLANG_WARN_INFINITE_RECURSION = YES;
				CLANG_WARN_INT_CONVERSION = YES;
				CLANG_WARN_OBJC_ROOT_CLASS = YES_ERROR;
				CLANG_WARN_SUSPICIOUS_MOVE = YES;
				CLANG_WARN_UNREACHABLE_CODE = YES;
				CLANG_WARN__DUPLICATE_METHOD_MATCH = YES;
				"CODE_SIGN_IDENTITY[sdk=iphoneos*]" = "iPhone Developer";
				COPY_PHASE_STRIP = NO;
				DEBUG_INFORMATION_FORMAT = dwarf;
				ENABLE_STRICT_OBJC_MSGSEND = YES;
				ENABLE_TESTABILITY = YES;
				GCC_C_LANGUAGE_STANDARD = gnu99;
				GCC_DYNAMIC_NO_PIC = NO;
				GCC_NO_COMMON_BLOCKS = YES;
				GCC_OPTIMIZATION_LEVEL = 0;
				GCC_PREPROCESSOR_DEFINITIONS = (
					"DEBUG=1",
					"$(inherited)",
				);
				GCC_WARN_64_TO_32_BIT_CONVERSION = YES;
				GCC_WARN_ABOUT_RETURN_TYPE = YES_ERROR;
				GCC_WARN_UNDECLARED_SELECTOR = YES;
				GCC_WARN_UNINITIALIZED_AUTOS = YES_AGGRESSIVE;
				GCC_WARN_UNUSED_FUNCTION = YES;
				GCC_WARN_UNUSED_VARIABLE = YES;
				IPHONEOS_DEPLOYMENT_TARGET = 10.2;
				MTL_ENABLE_DEBUG_INFO = YES;
				ONLY_ACTIVE_ARCH = YES;
				SDKROOT = iphoneos;
			};
			name = Debug;
		};
		C9C2063E1E5425E700E21707 /* Release */ = {
			isa = XCBuildConfiguration;
			buildSettings = {
				ALWAYS_SEARCH_USER_PATHS = NO;
				CLANG_ANALYZER_NONNULL = YES;
				CLANG_CXX_LANGUAGE_STANDARD = "gnu++0x";
				CLANG_CXX_LIBRARY = "libc++";
				CLANG_ENABLE_MODULES = YES;
				CLANG_ENABLE_OBJC_ARC = YES;
				CLANG_WARN_BOOL_CONVERSION = YES;
				CLANG_WARN_CONSTANT_CONVERSION = YES;
				CLANG_WARN_DIRECT_OBJC_ISA_USAGE = YES_ERROR;
				CLANG_WARN_DOCUMENTATION_COMMENTS = YES;
				CLANG_WARN_EMPTY_BODY = YES;
				CLANG_WARN_ENUM_CONVERSION = YES;
				CLANG_WARN_INFINITE_RECURSION = YES;
				CLANG_WARN_INT_CONVERSION = YES;
				CLANG_WARN_OBJC_ROOT_CLASS = YES_ERROR;
				CLANG_WARN_SUSPICIOUS_MOVE = YES;
				CLANG_WARN_UNREACHABLE_CODE = YES;
				CLANG_WARN__DUPLICATE_METHOD_MATCH = YES;
				"CODE_SIGN_IDENTITY[sdk=iphoneos*]" = "iPhone Developer";
				COPY_PHASE_STRIP = NO;
				DEBUG_INFORMATION_FORMAT = "dwarf-with-dsym";
				ENABLE_NS_ASSERTIONS = NO;
				ENABLE_STRICT_OBJC_MSGSEND = YES;
				GCC_C_LANGUAGE_STANDARD = gnu99;
				GCC_NO_COMMON_BLOCKS = YES;
				GCC_WARN_64_TO_32_BIT_CONVERSION = YES;
				GCC_WARN_ABOUT_RETURN_TYPE = YES_ERROR;
				GCC_WARN_UNDECLARED_SELECTOR = YES;
				GCC_WARN_UNINITIALIZED_AUTOS = YES_AGGRESSIVE;
				GCC_WARN_UNUSED_FUNCTION = YES;
				GCC_WARN_UNUSED_VARIABLE = YES;
				IPHONEOS_DEPLOYMENT_TARGET = 10.2;
				MTL_ENABLE_DEBUG_INFO = NO;
				SDKROOT = iphoneos;
				VALIDATE_PRODUCT = YES;
			};
			name = Release;
		};
		C9C206401E5425E700E21707 /* Debug */ = {
			isa = XCBuildConfiguration;
			buildSettings = {
				ASSETCATALOG_COMPILER_APPICON_NAME = AppIcon;
				INFOPLIST_FILE = ZYTimerDemo/Info.plist;
				LD_RUNPATH_SEARCH_PATHS = "$(inherited) @executable_path/Frameworks";
				PRODUCT_BUNDLE_IDENTIFIER = com.ripper.ZYTimerDemo;
				PRODUCT_NAME = "$(TARGET_NAME)";
			};
			name = Debug;
		};
		C9C206411E5425E700E21707 /* Release */ = {
			isa = XCBuildConfiguration;
			buildSettings = {
				ASSETCATALOG_COMPILER_APPICON_NAME = AppIcon;
				INFOPLIST_FILE = ZYTimerDemo/Info.plist;
				LD_RUNPATH_SEARCH_PATHS = "$(inherited) @executable_path/Frameworks";
				PRODUCT_BUNDLE_IDENTIFIER = com.ripper.ZYTimerDemo;
				PRODUCT_NAME = "$(TARGET_NAME)";
			};
			name = Release;
		};
		C9C206431E5425E700E21707 /* Debug */ = {
			isa = XCBuildConfiguration;
			buildSettings = {
				BUNDLE_LOADER = "$(TEST_HOST)";
				INFOPLIST_FILE = ZYTimerDemoTests/Info.plist;
				LD_RUNPATH_SEARCH_PATHS = "$(inherited) @executable_path/Frameworks @loader_path/Frameworks";
				PRODUCT_BUNDLE_IDENTIFIER = com.ripper.ZYTimerDemoTests;
				PRODUCT_NAME = "$(TARGET_NAME)";
				TEST_HOST = "$(BUILT_PRODUCTS_DIR)/ZYTimerDemo.app/ZYTimerDemo";
			};
			name = Debug;
		};
		C9C206441E5425E700E21707 /* Release */ = {
			isa = XCBuildConfiguration;
			buildSettings = {
				BUNDLE_LOADER = "$(TEST_HOST)";
				INFOPLIST_FILE = ZYTimerDemoTests/Info.plist;
				LD_RUNPATH_SEARCH_PATHS = "$(inherited) @executable_path/Frameworks @loader_path/Frameworks";
				PRODUCT_BUNDLE_IDENTIFIER = com.ripper.ZYTimerDemoTests;
				PRODUCT_NAME = "$(TARGET_NAME)";
				TEST_HOST = "$(BUILT_PRODUCTS_DIR)/ZYTimerDemo.app/ZYTimerDemo";
			};
			name = Release;
		};
		C9C206461E5425E700E21707 /* Debug */ = {
			isa = XCBuildConfiguration;
			buildSettings = {
				INFOPLIST_FILE = ZYTimerDemoUITests/Info.plist;
				LD_RUNPATH_SEARCH_PATHS = "$(inherited) @executable_path/Frameworks @loader_path/Frameworks";
				PRODUCT_BUNDLE_IDENTIFIER = com.ripper.ZYTimerDemoUITests;
				PRODUCT_NAME = "$(TARGET_NAME)";
				TEST_TARGET_NAME = ZYTimerDemo;
			};
			name = Debug;
		};
		C9C206471E5425E700E21707 /* Release */ = {
			isa = XCBuildConfiguration;
			buildSettings = {
				INFOPLIST_FILE = ZYTimerDemoUITests/Info.plist;
				LD_RUNPATH_SEARCH_PATHS = "$(inherited) @executable_path/Frameworks @loader_path/Frameworks";
				PRODUCT_BUNDLE_IDENTIFIER = com.ripper.ZYTimerDemoUITests;
				PRODUCT_NAME = "$(TARGET_NAME)";
				TEST_TARGET_NAME = ZYTimerDemo;
			};
			name = Release;
		};
/* End XCBuildConfiguration section */

/* Begin XCConfigurationList section */
		C9C2060D1E5425E700E21707 /* Build configuration list for PBXProject "ZYTimerDemo" */ = {
			isa = XCConfigurationList;
			buildConfigurations = (
				C9C2063D1E5425E700E21707 /* Debug */,
				C9C2063E1E5425E700E21707 /* Release */,
			);
			defaultConfigurationIsVisible = 0;
			defaultConfigurationName = Release;
		};
		C9C2063F1E5425E700E21707 /* Build configuration list for PBXNativeTarget "ZYTimerDemo" */ = {
			isa = XCConfigurationList;
			buildConfigurations = (
				C9C206401E5425E700E21707 /* Debug */,
				C9C206411E5425E700E21707 /* Release */,
			);
			defaultConfigurationIsVisible = 0;
			defaultConfigurationName = Release;
		};
		C9C206421E5425E700E21707 /* Build configuration list for PBXNativeTarget "ZYTimerDemoTests" */ = {
			isa = XCConfigurationList;
			buildConfigurations = (
				C9C206431E5425E700E21707 /* Debug */,
				C9C206441E5425E700E21707 /* Release */,
			);
			defaultConfigurationIsVisible = 0;
			defaultConfigurationName = Release;
		};
		C9C206451E5425E700E21707 /* Build configuration list for PBXNativeTarget "ZYTimerDemoUITests" */ = {
			isa = XCConfigurationList;
			buildConfigurations = (
				C9C206461E5425E700E21707 /* Debug */,
				C9C206471E5425E700E21707 /* Release */,
			);
			defaultConfigurationIsVisible = 0;
			defaultConfigurationName = Release;
		};
/* End XCConfigurationList section */
	};
	rootObject = C9C2060A1E5425E700E21707 /* Project object */;
}
